
Microsoft Visual Studio Solution File, Format Version 12.00
# Visual Studio 2013
VisualStudioVersion = 12.0.0.0
MinimumVisualStudioVersion = 10.0.0.1
Project("{FAE04EC0-301F-11D3-BF4B-00C04F79EFBC}") = "Client", "Client\Client.csproj", "{15B08606-609E-426B-A63A-66DCFD226AEC}"
EndProject
Project("{FAE04EC0-301F-11D3-BF4B-00C04F79EFBC}") = "Silo", "Silo\Silo.csproj", "{4A864C15-34BC-4AAC-97EB-DDBD9530F14D}"
EndProject
Global
	GlobalSection(SolutionConfigurationPlatforms) = preSolution
		Debug|Any CPU = Debug|Any CPU
		Release|Any CPU = Release|Any CPU
	EndGlobalSection
	GlobalSection(ProjectConfigurationPlatforms) = postSolution
		{15B08606-609E-426B-A63A-66DCFD226AEC}.Debug|Any CPU.ActiveCfg = Debug|Any CPU
		{15B08606-609E-426B-A63A-66DCFD226AEC}.Debug|Any CPU.Build.0 = Debug|Any CPU
		{15B08606-609E-426B-A63A-66DCFD226AEC}.Release|Any CPU.ActiveCfg = Release|Any CPU
		{15B08606-609E-426B-A63A-66DCFD226AEC}.Release|Any CPU.Build.0 = Release|Any CPU
		{4A864C15-34BC-4AAC-97EB-DDBD9530F14D}.Debug|Any CPU.ActiveCfg = Debug|Any CPU
		{4A864C15-34BC-4AAC-97EB-DDBD9530F14D}.Debug|Any CPU.Build.0 = Debug|Any CPU
		{4A864C15-34BC-4AAC-97EB-DDBD9530F14D}.Release|Any CPU.ActiveCfg = Release|Any CPU
		{4A864C15-34BC-4AAC-97EB-DDBD9530F14D}.Release|Any CPU.Build.0 = Release|Any CPU
	EndGlobalSection
	GlobalSection(SolutionProperties) = preSolution
		HideSolutionNode = FALSE
	EndGlobalSection
EndGlobal
