
Microsoft Visual Studio Solution File, Format Version 12.00
# Visual Studio 15
VisualStudioVersion = 15.0.26730.16
MinimumVisualStudioVersion = 10.0.40219.1
Project("{9A19103F-16F7-4668-BE54-9A1E7A4F7556}") = "Client", "Client\Client.csproj", "{15B08606-609E-426B-A63A-66DCFD226AEC}"
EndProject
Project("{9A19103F-16F7-4668-BE54-9A1E7A4F7556}") = "Silo", "Silo\Silo.csproj", "{4A864C15-34BC-4AAC-97EB-DDBD9530F14D}"
EndProject
Project("{FAE04EC0-301F-11D3-BF4B-00C04F79EFBC}") = "Grains", "Grains\Grains.csproj", "{3ADB4008-9A8F-4E07-8178-9D26838C946D}"
EndProject
Project("{FAE04EC0-301F-11D3-BF4B-00C04F79EFBC}") = "GrainInterfaces", "Interfaces\GrainInterfaces.csproj", "{FF722F35-03AC-47CD-A4D4-237EA494B5CD}"
EndProject
Global
	GlobalSection(SolutionConfigurationPlatforms) = preSolution
		Debug|Any CPU = Debug|Any CPU
		Release|Any CPU = Release|Any CPU
	EndGlobalSection
	GlobalSection(ProjectConfigurationPlatforms) = postSolution
		{15B08606-609E-426B-A63A-66DCFD226AEC}.Debug|Any CPU.ActiveCfg = Debug|Any CPU
		{15B08606-609E-426B-A63A-66DCFD226AEC}.Debug|Any CPU.Build.0 = Debug|Any CPU
		{15B08606-609E-426B-A63A-66DCFD226AEC}.Release|Any CPU.ActiveCfg = Release|Any CPU
		{15B08606-609E-426B-A63A-66DCFD226AEC}.Release|Any CPU.Build.0 = Release|Any CPU
		{4A864C15-34BC-4AAC-97EB-DDBD9530F14D}.Debug|Any CPU.ActiveCfg = Debug|Any CPU
		{4A864C15-34BC-4AAC-97EB-DDBD9530F14D}.Debug|Any CPU.Build.0 = Debug|Any CPU
		{4A864C15-34BC-4AAC-97EB-DDBD9530F14D}.Release|Any CPU.ActiveCfg = Release|Any CPU
		{4A864C15-34BC-4AAC-97EB-DDBD9530F14D}.Release|Any CPU.Build.0 = Release|Any CPU
		{3ADB4008-9A8F-4E07-8178-9D26838C946D}.Debug|Any CPU.ActiveCfg = Debug|Any CPU
		{3ADB4008-9A8F-4E07-8178-9D26838C946D}.Debug|Any CPU.Build.0 = Debug|Any CPU
		{3ADB4008-9A8F-4E07-8178-9D26838C946D}.Release|Any CPU.ActiveCfg = Release|Any CPU
		{3ADB4008-9A8F-4E07-8178-9D26838C946D}.Release|Any CPU.Build.0 = Release|Any CPU
		{FF722F35-03AC-47CD-A4D4-237EA494B5CD}.Debug|Any CPU.ActiveCfg = Debug|Any CPU
		{FF722F35-03AC-47CD-A4D4-237EA494B5CD}.Debug|Any CPU.Build.0 = Debug|Any CPU
		{FF722F35-03AC-47CD-A4D4-237EA494B5CD}.Release|Any CPU.ActiveCfg = Release|Any CPU
		{FF722F35-03AC-47CD-A4D4-237EA494B5CD}.Release|Any CPU.Build.0 = Release|Any CPU
	EndGlobalSection
	GlobalSection(SolutionProperties) = preSolution
		HideSolutionNode = FALSE
	EndGlobalSection
	GlobalSection(ExtensibilityGlobals) = postSolution
		SolutionGuid = {4755689E-A5AA-4A72-8E4C-E83A4DC0008F}
	EndGlobalSection
EndGlobal
